
Microsoft Visual Studio Solution File, Format Version 12.00
# Visual Studio Version 17
VisualStudioVersion = 17.11.35312.102
MinimumVisualStudioVersion = 10.0.40219.1
Project("{FAE04EC0-301F-11D3-BF4B-00C04F79EFBC}") = "AD.ImportadorSaf-t", "AD.ImportadorSaf-t\AD.ImportadorSaf-t.csproj", "{B0586D08-D637-4D42-9284-A5122264A040}"
EndProject
Global
	GlobalSection(SolutionConfigurationPlatforms) = preSolution
		Debug|Any CPU = Debug|Any CPU
		Release|Any CPU = Release|Any CPU
	EndGlobalSection
	GlobalSection(ProjectConfigurationPlatforms) = postSolution
		{B0586D08-D637-4D42-9284-A5122264A040}.Debug|Any CPU.ActiveCfg = Debug|Any CPU
		{B0586D08-D637-4D42-9284-A5122264A040}.Debug|Any CPU.Build.0 = Debug|Any CPU
		{B0586D08-D637-4D42-9284-A5122264A040}.Release|Any CPU.ActiveCfg = Release|Any CPU
		{B0586D08-D637-4D42-9284-A5122264A040}.Release|Any CPU.Build.0 = Release|Any CPU
	EndGlobalSection
	GlobalSection(SolutionProperties) = preSolution
		HideSolutionNode = FALSE
	EndGlobalSection
	GlobalSection(ExtensibilityGlobals) = postSolution
		SolutionGuid = {F6DAEBEF-E47F-4580-9073-CFE2EC3F38D9}
	EndGlobalSection
EndGlobal
